
Microsoft Visual Studio Solution File, Format Version 12.00
# Visual Studio Version 17
VisualStudioVersion = 17.7.34221.43
MinimumVisualStudioVersion = 10.0.40219.1
Project("{FAE04EC0-301F-11D3-BF4B-00C04F79EFBC}") = "TimerApp2", "TimerApp2.csproj", "{A5C147FE-BCEA-4BF7-9EBC-AC4DBF99050C}"
EndProject
Global
	GlobalSection(SolutionConfigurationPlatforms) = preSolution
		Debug|Any CPU = Debug|Any CPU
		Release|Any CPU = Release|Any CPU
	EndGlobalSection
	GlobalSection(ProjectConfigurationPlatforms) = postSolution
		{A5C147FE-BCEA-4BF7-9EBC-AC4DBF99050C}.Debug|Any CPU.ActiveCfg = Debug|Any CPU
		{A5C147FE-BCEA-4BF7-9EBC-AC4DBF99050C}.Debug|Any CPU.Build.0 = Debug|Any CPU
		{A5C147FE-BCEA-4BF7-9EBC-AC4DBF99050C}.Release|Any CPU.ActiveCfg = Release|Any CPU
		{A5C147FE-BCEA-4BF7-9EBC-AC4DBF99050C}.Release|Any CPU.Build.0 = Release|Any CPU
	EndGlobalSection
	GlobalSection(SolutionProperties) = preSolution
		HideSolutionNode = FALSE
	EndGlobalSection
	GlobalSection(ExtensibilityGlobals) = postSolution
		SolutionGuid = {48196589-7405-4786-AD80-B7344B4CD4D3}
	EndGlobalSection
EndGlobal
